
Microsoft Visual Studio Solution File, Format Version 12.00
# Visual Studio Version 17
VisualStudioVersion = 17.5.002.0
MinimumVisualStudioVersion = 10.0.40219.1
Project("{2150E333-8FDC-42A3-9474-1A3956D46DE8}") = "prepare", "prepare", "{2C3FF7F5-A652-4225-9B8C-FF4857B53EBF}"
EndProject
Project("{9A19103F-16F7-4668-BE54-9A1E7A4F7556}") = "Learning02", "prepare\Learning02\Learning02.csproj", "{BDA6ED2F-41D4-42F3-BE9D-B17C1E6D11FE}"
EndProject
Project("{9A19103F-16F7-4668-BE54-9A1E7A4F7556}") = "Learning05", "prepare\Learning05\Learning05.csproj", "{066863ED-A945-4AA6-ACD7-D67DFD7EBF44}"
EndProject
Project("{9A19103F-16F7-4668-BE54-9A1E7A4F7556}") = "Learning04", "prepare\Learning04\Learning04.csproj", "{BEF90455-3DEC-4AB1-B7BF-7669219F0466}"
EndProject
Project("{9A19103F-16F7-4668-BE54-9A1E7A4F7556}") = "Learning03", "prepare\Learning03\Learning03.csproj", "{856581A9-5D85-4C4D-945E-C6EDF8907D29}"
EndProject
Project("{2150E333-8FDC-42A3-9474-1A3956D46DE8}") = "prove", "prove", "{E7904C1B-B0BA-43EA-922A-0DF9B8827167}"
EndProject
Project("{9A19103F-16F7-4668-BE54-9A1E7A4F7556}") = "Develop03", "prove\Develop03\Develop03.csproj", "{86BCB7DD-10FB-4479-8AF7-46F7F93537A9}"
EndProject
Project("{9A19103F-16F7-4668-BE54-9A1E7A4F7556}") = "Develop04", "prove\Develop04\Develop04.csproj", "{F0727B05-4FCD-49B8-89A9-8E7AF014E0A1}"
EndProject
Project("{9A19103F-16F7-4668-BE54-9A1E7A4F7556}") = "Develop05", "prove\Develop05\Develop05.csproj", "{14D828FE-6B5A-4651-A9E6-62B4144007D2}"
EndProject
Project("{9A19103F-16F7-4668-BE54-9A1E7A4F7556}") = "Develop02", "prove\Develop02\Develop02.csproj", "{371A8E7F-5C7E-4C72-B37C-4306B6D69F9F}"
EndProject
Project("{2150E333-8FDC-42A3-9474-1A3956D46DE8}") = "sandbox", "sandbox", "{D897EE85-9D7C-41A0-8C28-ECE5F2E48DF3}"
EndProject
Project("{9A19103F-16F7-4668-BE54-9A1E7A4F7556}") = "Sandbox", "sandbox\Sandbox\Sandbox.csproj", "{909ACB59-C0D1-44FF-8955-EF80939C77A2}"
EndProject
Project("{2150E333-8FDC-42A3-9474-1A3956D46DE8}") = "final", "final", "{FD02A86B-58A3-498A-AE5D-5C1F5D1E6708}"
EndProject
Project("{9A19103F-16F7-4668-BE54-9A1E7A4F7556}") = "FinalProject", "final\FinalProject\FinalProject.csproj", "{1FAB6393-0153-480C-91ED-EC0006385B3F}"
EndProject
Project("{9A19103F-16F7-4668-BE54-9A1E7A4F7556}") = "Foundation1", "final\Foundation1\Foundation1.csproj", "{06AE2573-107B-4AB0-9EC4-D26957A7B0DA}"
EndProject
Project("{9A19103F-16F7-4668-BE54-9A1E7A4F7556}") = "Foundation4", "final\Foundation4\Foundation4.csproj", "{F306F4B4-D18A-4C21-9114-7396F85B61E5}"
EndProject
Project("{9A19103F-16F7-4668-BE54-9A1E7A4F7556}") = "Foundation3", "final\Foundation3\Foundation3.csproj", "{AEB24C5C-144D-4BB5-8C90-0961064ED4F0}"
EndProject
Project("{9A19103F-16F7-4668-BE54-9A1E7A4F7556}") = "Foundation2", "final\Foundation2\Foundation2.csproj", "{AD67CE6F-02EC-4225-9154-C0C79C5D67FE}"
EndProject
Project("{2150E333-8FDC-42A3-9474-1A3956D46DE8}") = "csharp-prep", "csharp-prep", "{0A36C6C7-1405-4C23-BC92-5D2D5ED589C2}"
EndProject
Project("{9A19103F-16F7-4668-BE54-9A1E7A4F7556}") = "Prep1", "csharp-prep\Prep1\Prep1.csproj", "{96D5C6D5-2717-4B28-84A5-6EEF7EA123F2}"
EndProject
Project("{9A19103F-16F7-4668-BE54-9A1E7A4F7556}") = "Prep5", "csharp-prep\Prep5\Prep5.csproj", "{22338387-66F7-4B6B-9EBB-6FF28946CDE5}"
EndProject
Project("{9A19103F-16F7-4668-BE54-9A1E7A4F7556}") = "Prep2", "csharp-prep\Prep2\Prep2.csproj", "{C11475EC-51B3-4EF7-A3C0-7673E4F37B49}"
EndProject
Project("{9A19103F-16F7-4668-BE54-9A1E7A4F7556}") = "Prep3", "csharp-prep\Prep3\Prep3.csproj", "{30275E3A-0DE1-4045-90FE-CC6A74F0194F}"
EndProject
Project("{9A19103F-16F7-4668-BE54-9A1E7A4F7556}") = "Prep4", "csharp-prep\Prep4\Prep4.csproj", "{FC1A610B-4A7F-4657-B908-832DB72815AA}"
EndProject
Global
	GlobalSection(SolutionConfigurationPlatforms) = preSolution
		Debug|Any CPU = Debug|Any CPU
		Release|Any CPU = Release|Any CPU
	EndGlobalSection
	GlobalSection(ProjectConfigurationPlatforms) = postSolution
		{BDA6ED2F-41D4-42F3-BE9D-B17C1E6D11FE}.Debug|Any CPU.ActiveCfg = Debug|Any CPU
		{BDA6ED2F-41D4-42F3-BE9D-B17C1E6D11FE}.Debug|Any CPU.Build.0 = Debug|Any CPU
		{BDA6ED2F-41D4-42F3-BE9D-B17C1E6D11FE}.Release|Any CPU.ActiveCfg = Release|Any CPU
		{BDA6ED2F-41D4-42F3-BE9D-B17C1E6D11FE}.Release|Any CPU.Build.0 = Release|Any CPU
		{066863ED-A945-4AA6-ACD7-D67DFD7EBF44}.Debug|Any CPU.ActiveCfg = Debug|Any CPU
		{066863ED-A945-4AA6-ACD7-D67DFD7EBF44}.Debug|Any CPU.Build.0 = Debug|Any CPU
		{066863ED-A945-4AA6-ACD7-D67DFD7EBF44}.Release|Any CPU.ActiveCfg = Release|Any CPU
		{066863ED-A945-4AA6-ACD7-D67DFD7EBF44}.Release|Any CPU.Build.0 = Release|Any CPU
		{BEF90455-3DEC-4AB1-B7BF-7669219F0466}.Debug|Any CPU.ActiveCfg = Debug|Any CPU
		{BEF90455-3DEC-4AB1-B7BF-7669219F0466}.Debug|Any CPU.Build.0 = Debug|Any CPU
		{BEF90455-3DEC-4AB1-B7BF-7669219F0466}.Release|Any CPU.ActiveCfg = Release|Any CPU
		{BEF90455-3DEC-4AB1-B7BF-7669219F0466}.Release|Any CPU.Build.0 = Release|Any CPU
		{856581A9-5D85-4C4D-945E-C6EDF8907D29}.Debug|Any CPU.ActiveCfg = Debug|Any CPU
		{856581A9-5D85-4C4D-945E-C6EDF8907D29}.Debug|Any CPU.Build.0 = Debug|Any CPU
		{856581A9-5D85-4C4D-945E-C6EDF8907D29}.Release|Any CPU.ActiveCfg = Release|Any CPU
		{856581A9-5D85-4C4D-945E-C6EDF8907D29}.Release|Any CPU.Build.0 = Release|Any CPU
		{86BCB7DD-10FB-4479-8AF7-46F7F93537A9}.Debug|Any CPU.ActiveCfg = Debug|Any CPU
		{86BCB7DD-10FB-4479-8AF7-46F7F93537A9}.Debug|Any CPU.Build.0 = Debug|Any CPU
		{86BCB7DD-10FB-4479-8AF7-46F7F93537A9}.Release|Any CPU.ActiveCfg = Release|Any CPU
		{86BCB7DD-10FB-4479-8AF7-46F7F93537A9}.Release|Any CPU.Build.0 = Release|Any CPU
		{F0727B05-4FCD-49B8-89A9-8E7AF014E0A1}.Debug|Any CPU.ActiveCfg = Debug|Any CPU
		{F0727B05-4FCD-49B8-89A9-8E7AF014E0A1}.Debug|Any CPU.Build.0 = Debug|Any CPU
		{F0727B05-4FCD-49B8-89A9-8E7AF014E0A1}.Release|Any CPU.ActiveCfg = Release|Any CPU
		{F0727B05-4FCD-49B8-89A9-8E7AF014E0A1}.Release|Any CPU.Build.0 = Release|Any CPU
		{14D828FE-6B5A-4651-A9E6-62B4144007D2}.Debug|Any CPU.ActiveCfg = Debug|Any CPU
		{14D828FE-6B5A-4651-A9E6-62B4144007D2}.Debug|Any CPU.Build.0 = Debug|Any CPU
		{14D828FE-6B5A-4651-A9E6-62B4144007D2}.Release|Any CPU.ActiveCfg = Release|Any CPU
		{14D828FE-6B5A-4651-A9E6-62B4144007D2}.Release|Any CPU.Build.0 = Release|Any CPU
		{371A8E7F-5C7E-4C72-B37C-4306B6D69F9F}.Debug|Any CPU.ActiveCfg = Debug|Any CPU
		{371A8E7F-5C7E-4C72-B37C-4306B6D69F9F}.Debug|Any CPU.Build.0 = Debug|Any CPU
		{371A8E7F-5C7E-4C72-B37C-4306B6D69F9F}.Release|Any CPU.ActiveCfg = Release|Any CPU
		{371A8E7F-5C7E-4C72-B37C-4306B6D69F9F}.Release|Any CPU.Build.0 = Release|Any CPU
		{909ACB59-C0D1-44FF-8955-EF80939C77A2}.Debug|Any CPU.ActiveCfg = Debug|Any CPU
		{909ACB59-C0D1-44FF-8955-EF80939C77A2}.Debug|Any CPU.Build.0 = Debug|Any CPU
		{909ACB59-C0D1-44FF-8955-EF80939C77A2}.Release|Any CPU.ActiveCfg = Release|Any CPU
		{909ACB59-C0D1-44FF-8955-EF80939C77A2}.Release|Any CPU.Build.0 = Release|Any CPU
		{1FAB6393-0153-480C-91ED-EC0006385B3F}.Debug|Any CPU.ActiveCfg = Debug|Any CPU
		{1FAB6393-0153-480C-91ED-EC0006385B3F}.Debug|Any CPU.Build.0 = Debug|Any CPU
		{1FAB6393-0153-480C-91ED-EC0006385B3F}.Release|Any CPU.ActiveCfg = Release|Any CPU
		{1FAB6393-0153-480C-91ED-EC0006385B3F}.Release|Any CPU.Build.0 = Release|Any CPU
		{06AE2573-107B-4AB0-9EC4-D26957A7B0DA}.Debug|Any CPU.ActiveCfg = Debug|Any CPU
		{06AE2573-107B-4AB0-9EC4-D26957A7B0DA}.Debug|Any CPU.Build.0 = Debug|Any CPU
		{06AE2573-107B-4AB0-9EC4-D26957A7B0DA}.Release|Any CPU.ActiveCfg = Release|Any CPU
		{06AE2573-107B-4AB0-9EC4-D26957A7B0DA}.Release|Any CPU.Build.0 = Release|Any CPU
		{F306F4B4-D18A-4C21-9114-7396F85B61E5}.Debug|Any CPU.ActiveCfg = Debug|Any CPU
		{F306F4B4-D18A-4C21-9114-7396F85B61E5}.Debug|Any CPU.Build.0 = Debug|Any CPU
		{F306F4B4-D18A-4C21-9114-7396F85B61E5}.Release|Any CPU.ActiveCfg = Release|Any CPU
		{F306F4B4-D18A-4C21-9114-7396F85B61E5}.Release|Any CPU.Build.0 = Release|Any CPU
		{AEB24C5C-144D-4BB5-8C90-0961064ED4F0}.Debug|Any CPU.ActiveCfg = Debug|Any CPU
		{AEB24C5C-144D-4BB5-8C90-0961064ED4F0}.Debug|Any CPU.Build.0 = Debug|Any CPU
		{AEB24C5C-144D-4BB5-8C90-0961064ED4F0}.Release|Any CPU.ActiveCfg = Release|Any CPU
		{AEB24C5C-144D-4BB5-8C90-0961064ED4F0}.Release|Any CPU.Build.0 = Release|Any CPU
		{AD67CE6F-02EC-4225-9154-C0C79C5D67FE}.Debug|Any CPU.ActiveCfg = Debug|Any CPU
		{AD67CE6F-02EC-4225-9154-C0C79C5D67FE}.Debug|Any CPU.Build.0 = Debug|Any CPU
		{AD67CE6F-02EC-4225-9154-C0C79C5D67FE}.Release|Any CPU.ActiveCfg = Release|Any CPU
		{AD67CE6F-02EC-4225-9154-C0C79C5D67FE}.Release|Any CPU.Build.0 = Release|Any CPU
		{96D5C6D5-2717-4B28-84A5-6EEF7EA123F2}.Debug|Any CPU.ActiveCfg = Debug|Any CPU
		{96D5C6D5-2717-4B28-84A5-6EEF7EA123F2}.Debug|Any CPU.Build.0 = Debug|Any CPU
		{96D5C6D5-2717-4B28-84A5-6EEF7EA123F2}.Release|Any CPU.ActiveCfg = Release|Any CPU
		{96D5C6D5-2717-4B28-84A5-6EEF7EA123F2}.Release|Any CPU.Build.0 = Release|Any CPU
		{22338387-66F7-4B6B-9EBB-6FF28946CDE5}.Debug|Any CPU.ActiveCfg = Debug|Any CPU
		{22338387-66F7-4B6B-9EBB-6FF28946CDE5}.Debug|Any CPU.Build.0 = Debug|Any CPU
		{22338387-66F7-4B6B-9EBB-6FF28946CDE5}.Release|Any CPU.ActiveCfg = Release|Any CPU
		{22338387-66F7-4B6B-9EBB-6FF28946CDE5}.Release|Any CPU.Build.0 = Release|Any CPU
		{C11475EC-51B3-4EF7-A3C0-7673E4F37B49}.Debug|Any CPU.ActiveCfg = Debug|Any CPU
		{C11475EC-51B3-4EF7-A3C0-7673E4F37B49}.Debug|Any CPU.Build.0 = Debug|Any CPU
		{C11475EC-51B3-4EF7-A3C0-7673E4F37B49}.Release|Any CPU.ActiveCfg = Release|Any CPU
		{C11475EC-51B3-4EF7-A3C0-7673E4F37B49}.Release|Any CPU.Build.0 = Release|Any CPU
		{30275E3A-0DE1-4045-90FE-CC6A74F0194F}.Debug|Any CPU.ActiveCfg = Debug|Any CPU
		{30275E3A-0DE1-4045-90FE-CC6A74F0194F}.Debug|Any CPU.Build.0 = Debug|Any CPU
		{30275E3A-0DE1-4045-90FE-CC6A74F0194F}.Release|Any CPU.ActiveCfg = Release|Any CPU
		{30275E3A-0DE1-4045-90FE-CC6A74F0194F}.Release|Any CPU.Build.0 = Release|Any CPU
		{FC1A610B-4A7F-4657-B908-832DB72815AA}.Debug|Any CPU.ActiveCfg = Debug|Any CPU
		{FC1A610B-4A7F-4657-B908-832DB72815AA}.Debug|Any CPU.Build.0 = Debug|Any CPU
		{FC1A610B-4A7F-4657-B908-832DB72815AA}.Release|Any CPU.ActiveCfg = Release|Any CPU
		{FC1A610B-4A7F-4657-B908-832DB72815AA}.Release|Any CPU.Build.0 = Release|Any CPU
	EndGlobalSection
	GlobalSection(SolutionProperties) = preSolution
		HideSolutionNode = FALSE
	EndGlobalSection
	GlobalSection(NestedProjects) = preSolution
		{BDA6ED2F-41D4-42F3-BE9D-B17C1E6D11FE} = {2C3FF7F5-A652-4225-9B8C-FF4857B53EBF}
		{066863ED-A945-4AA6-ACD7-D67DFD7EBF44} = {2C3FF7F5-A652-4225-9B8C-FF4857B53EBF}
		{BEF90455-3DEC-4AB1-B7BF-7669219F0466} = {2C3FF7F5-A652-4225-9B8C-FF4857B53EBF}
		{856581A9-5D85-4C4D-945E-C6EDF8907D29} = {2C3FF7F5-A652-4225-9B8C-FF4857B53EBF}
		{86BCB7DD-10FB-4479-8AF7-46F7F93537A9} = {E7904C1B-B0BA-43EA-922A-0DF9B8827167}
		{F0727B05-4FCD-49B8-89A9-8E7AF014E0A1} = {E7904C1B-B0BA-43EA-922A-0DF9B8827167}
		{14D828FE-6B5A-4651-A9E6-62B4144007D2} = {E7904C1B-B0BA-43EA-922A-0DF9B8827167}
		{371A8E7F-5C7E-4C72-B37C-4306B6D69F9F} = {E7904C1B-B0BA-43EA-922A-0DF9B8827167}
		{909ACB59-C0D1-44FF-8955-EF80939C77A2} = {D897EE85-9D7C-41A0-8C28-ECE5F2E48DF3}
		{1FAB6393-0153-480C-91ED-EC0006385B3F} = {FD02A86B-58A3-498A-AE5D-5C1F5D1E6708}
		{06AE2573-107B-4AB0-9EC4-D26957A7B0DA} = {FD02A86B-58A3-498A-AE5D-5C1F5D1E6708}
		{F306F4B4-D18A-4C21-9114-7396F85B61E5} = {FD02A86B-58A3-498A-AE5D-5C1F5D1E6708}
		{AEB24C5C-144D-4BB5-8C90-0961064ED4F0} = {FD02A86B-58A3-498A-AE5D-5C1F5D1E6708}
		{AD67CE6F-02EC-4225-9154-C0C79C5D67FE} = {FD02A86B-58A3-498A-AE5D-5C1F5D1E6708}
		{96D5C6D5-2717-4B28-84A5-6EEF7EA123F2} = {0A36C6C7-1405-4C23-BC92-5D2D5ED589C2}
		{22338387-66F7-4B6B-9EBB-6FF28946CDE5} = {0A36C6C7-1405-4C23-BC92-5D2D5ED589C2}
		{C11475EC-51B3-4EF7-A3C0-7673E4F37B49} = {0A36C6C7-1405-4C23-BC92-5D2D5ED589C2}
		{30275E3A-0DE1-4045-90FE-CC6A74F0194F} = {0A36C6C7-1405-4C23-BC92-5D2D5ED589C2}
		{FC1A610B-4A7F-4657-B908-832DB72815AA} = {0A36C6C7-1405-4C23-BC92-5D2D5ED589C2}
	EndGlobalSection
	GlobalSection(ExtensibilityGlobals) = postSolution
		SolutionGuid = {A0836F8C-7720-44BE-8638-A00CC7E5C21D}
	EndGlobalSection
EndGlobal
